<?xml version="1.0" encoding="utf-8"?>
<Project ToolsVersion="4.0" xmlns="http://schemas.microsoft.com/developer/msbuild/2003">
  <ItemGroup>
    <Filter Include="Textures">
      <UniqueIdentifier>{dc26ffa4-f6be-4ba1-b238-e6703a76950b}</UniqueIdentifier>
    </Filter>
    <Filter Include="Libraries">
      <UniqueIdentifier>{f5272d80-053f-4b6d-8a56-37d0ebc17d2a}</UniqueIdentifier>
    </Filter>
    <Filter Include="Documentation">
      <UniqueIdentifier>{ec89a93f-71b6-421f-b5f7-aea4306b0dcb}</UniqueIdentifier>
    </Filter>
    <Filter Include="UI">
      <UniqueIdentifier>{2514df79-7d3b-4a81-82e4-1767716777df}</UniqueIdentifier>
    </Filter>
    <Filter Include="Core">
      <UniqueIdentifier>{406663f9-d28b-4980-bd9e-e784f7ae7175}</UniqueIdentifier>
    </Filter>
    <Filter Include="Textures\Backgrounds">
      <UniqueIdentifier>{4744151c-463f-433b-965e-2184c7174d13}</UniqueIdentifier>
    </Filter>
  </ItemGroup>
  <ItemGroup>
    <BLP_Texture Include="Textures\CalendarButton-Hilight.png">
      <Filter>Textures</Filter>
    </BLP_Texture>
    <BLP_Texture Include="Textures\CalendarButton-ReminderFrame.png">
      <Filter>Textures</Filter>
    </BLP_Texture>
    <BLP_Texture Include="Textures\CalendarFrame-BottomLeft.png">
      <Filter>Textures</Filter>
    </BLP_Texture>
    <BLP_Texture Include="Textures\CalendarFrame-BottomRight.png">
      <Filter>Textures</Filter>
    </BLP_Texture>
    <BLP_Texture Include="Textures\CircledDate.png">
      <Filter>Textures</Filter>
    </BLP_Texture>
    <BLP_Texture Include="Textures\ClockBackground.png">
      <Filter>Textures</Filter>
    </BLP_Texture>
    <BLP_Texture Include="Textures\ClockGloss.png">
      <Filter>Textures</Filter>
    </BLP_Texture>
    <BLP_Texture Include="Textures\ClockHand.png">
      <Filter>Textures</Filter>
    </BLP_Texture>
    <BLP_Texture Include="Textures\ClockHourHand.png">
      <Filter>Textures</Filter>
    </BLP_Texture>
    <BLP_Texture Include="Textures\CooldownIcons.png">
      <Filter>Textures</Filter>
    </BLP_Texture>
    <BLP_Texture Include="Textures\DateButtonHighlight.png">
      <Filter>Textures</Filter>
    </BLP_Texture>
    <BLP_Texture Include="Textures\DayFrameBack.png">
      <Filter>Textures</Filter>
    </BLP_Texture>
    <BLP_Texture Include="Textures\DayFrameBrightBack.png">
      <Filter>Textures</Filter>
    </BLP_Texture>
    <BLP_Texture Include="Textures\DayFrameFront-Square.png">
      <Filter>Textures</Filter>
    </BLP_Texture>
    <BLP_Texture Include="Textures\DayFrameFront.png">
      <Filter>Textures</Filter>
    </BLP_Texture>
    <BLP_Texture Include="Textures\Gear.png">
      <Filter>Textures</Filter>
    </BLP_Texture>
    <BLP_Texture Include="Textures\HorizontalTrim.png">
      <Filter>Textures</Filter>
    </BLP_Texture>
    <BLP_Texture Include="Textures\Icon-Birth.png">
      <Filter>Textures</Filter>
    </BLP_Texture>
    <BLP_Texture Include="Textures\Icon-RP.png">
      <Filter>Textures</Filter>
    </BLP_Texture>
    <BLP_Texture Include="Textures\Icon-Vacation.png">
      <Filter>Textures</Filter>
    </BLP_Texture>
    <BLP_Texture Include="Textures\IconFrame.png">
      <Filter>Textures</Filter>
    </BLP_Texture>
    <BLP_Texture Include="Textures\PanelSectionBackground.png">
      <Filter>Textures</Filter>
    </BLP_Texture>
    <BLP_Texture Include="Textures\ScrollbarTrench.png">
      <Filter>Textures</Filter>
    </BLP_Texture>
    <BLP_Texture Include="Textures\TodayIcon-Down.png">
      <Filter>Textures</Filter>
    </BLP_Texture>
    <BLP_Texture Include="Textures\TodayIcon-Up.png">
      <Filter>Textures</Filter>
    </BLP_Texture>
    <BLP_Texture Include="Textures\Backgrounds\April.png">
      <Filter>Textures\Backgrounds</Filter>
    </BLP_Texture>
    <BLP_Texture Include="Textures\Backgrounds\August.png">
      <Filter>Textures\Backgrounds</Filter>
    </BLP_Texture>
    <BLP_Texture Include="Textures\Backgrounds\December.png">
      <Filter>Textures\Backgrounds</Filter>
    </BLP_Texture>
    <BLP_Texture Include="Textures\Backgrounds\February.png">
      <Filter>Textures\Backgrounds</Filter>
    </BLP_Texture>
    <BLP_Texture Include="Textures\Backgrounds\January.png">
      <Filter>Textures\Backgrounds</Filter>
    </BLP_Texture>
    <BLP_Texture Include="Textures\Backgrounds\July.png">
      <Filter>Textures\Backgrounds</Filter>
    </BLP_Texture>
    <BLP_Texture Include="Textures\Backgrounds\June.png">
      <Filter>Textures\Backgrounds</Filter>
    </BLP_Texture>
    <BLP_Texture Include="Textures\Backgrounds\March.png">
      <Filter>Textures\Backgrounds</Filter>
    </BLP_Texture>
    <BLP_Texture Include="Textures\Backgrounds\May.png">
      <Filter>Textures\Backgrounds</Filter>
    </BLP_Texture>
    <BLP_Texture Include="Textures\Backgrounds\November.png">
      <Filter>Textures\Backgrounds</Filter>
    </BLP_Texture>
    <BLP_Texture Include="Textures\Backgrounds\October.png">
      <Filter>Textures\Backgrounds</Filter>
    </BLP_Texture>
    <BLP_Texture Include="Textures\Backgrounds\September.png">
      <Filter>Textures\Backgrounds</Filter>
    </BLP_Texture>
  </ItemGroup>
  <ItemGroup>
    <None Include="Textures\ClockBackground.psd">
      <Filter>Textures</Filter>
    </None>
    <None Include="Textures\CooldownIcons.psd">
      <Filter>Textures</Filter>
    </None>
    <None Include="Textures\DayFrame.psd">
      <Filter>Textures</Filter>
    </None>
    <None Include="Documentation\Release Notes.txt">
      <Filter>Documentation</Filter>
    </None>
    <None Include="..\GC5Theme_Seasonal\GC5Theme_Seasonal.vcxproj" />
  </ItemGroup>
  <ItemGroup>
    <Copy_Relative Include="..\GroupCalendar5 Clock\GC5ClockLib.lua">
      <Filter>Libraries</Filter>
    </Copy_Relative>
    <Copy_Relative Include="GC5ScheduleLib.lua">
      <Filter>Libraries</Filter>
    </Copy_Relative>
    <Copy_Relative Include="..\MC2Libraries\MC2AddonLib.lua">
      <Filter>Libraries</Filter>
    </Copy_Relative>
    <Copy_Relative Include="..\MC2Libraries\MC2BroadcastLib.lua">
      <Filter>Libraries</Filter>
    </Copy_Relative>
    <Copy_Relative Include="..\MC2Libraries\MC2DataChannelLib.lua">
      <Filter>Libraries</Filter>
    </Copy_Relative>
    <Copy_Relative Include="..\MC2Libraries\MC2DateLib.lua">
      <Filter>Libraries</Filter>
    </Copy_Relative>
    <Copy_Relative Include="..\MC2Libraries\MC2DebugLib.lua">
      <Filter>Libraries</Filter>
    </Copy_Relative>
    <Copy_Relative Include="..\MC2Libraries\MC2EventLib.lua">
      <Filter>Libraries</Filter>
    </Copy_Relative>
    <Copy_Relative Include="..\MC2Libraries\MC2GuildLib.lua">
      <Filter>Libraries</Filter>
    </Copy_Relative>
    <Copy_Relative Include="..\MC2Libraries\MC2RaidLib.lua">
      <Filter>Libraries</Filter>
    </Copy_Relative>
    <Copy_Relative Include="..\MC2Libraries\MC2SchedulerLib.lua">
      <Filter>Libraries</Filter>
    </Copy_Relative>
    <Copy_Relative Include="..\MC2Libraries\MC2UIElementsLib.lua">
      <Filter>Libraries</Filter>
    </Copy_Relative>
    <Copy_Relative Include="..\Wowace\UTF8\utf8.lua">
      <Filter>Libraries</Filter>
    </Copy_Relative>
    <Copy_Relative Include="..\Wowace\UTF8\utf8data.lua">
      <Filter>Libraries</Filter>
    </Copy_Relative>
    <Copy_Relative Include="UI\GroupCalendar_EventLimits.lua">
      <Filter>UI</Filter>
    </Copy_Relative>
    <Copy_Relative Include="UI\GroupCalendar_Party.lua">
      <Filter>UI</Filter>
    </Copy_Relative>
    <Copy_Relative Include="UI\GroupCalendar_Whispers.lua">
      <Filter>UI</Filter>
    </Copy_Relative>
    <Copy_Relative Include="UI\GroupCalendar_Window.lua">
      <Filter>UI</Filter>
    </Copy_Relative>
    <Copy_Relative Include="UI\GroupCalendarEvent_Editor.lua">
      <Filter>UI</Filter>
    </Copy_Relative>
    <Copy_Relative Include="UI\GroupCalendarEvent_Group.lua">
      <Filter>UI</Filter>
    </Copy_Relative>
    <Copy_Relative Include="UI\GroupCalendarEvent_Invite.lua">
      <Filter>UI</Filter>
    </Copy_Relative>
    <Copy_Relative Include="UI\GroupCalendarEvent_Viewer.lua">
      <Filter>UI</Filter>
    </Copy_Relative>
    <Copy_Relative Include="UI\GroupCalendarUI.lua">
      <Filter>UI</Filter>
    </Copy_Relative>
    <Copy_Relative Include="UI\GroupCalendarView_About.lua">
      <Filter>UI</Filter>
    </Copy_Relative>
    <Copy_Relative Include="UI\GroupCalendarView_Alliance.lua">
      <Filter>UI</Filter>
    </Copy_Relative>
    <Copy_Relative Include="UI\GroupCalendarView_Day.lua">
      <Filter>UI</Filter>
    </Copy_Relative>
    <Copy_Relative Include="UI\GroupCalendarView_Event.lua">
      <Filter>UI</Filter>
    </Copy_Relative>
    <Copy_Relative Include="UI\GroupCalendarView_Export.lua">
      <Filter>UI</Filter>
    </Copy_Relative>
    <Copy_Relative Include="UI\GroupCalendarView_Month.lua">
      <Filter>UI</Filter>
    </Copy_Relative>
    <Copy_Relative Include="UI\GroupCalendarView_Settings.lua">
      <Filter>UI</Filter>
    </Copy_Relative>
    <Copy_Relative Include="GroupCalendar.lua">
      <Filter>Core</Filter>
    </Copy_Relative>
    <Copy_Relative Include="GroupCalendar5.toc">
      <Filter>Core</Filter>
    </Copy_Relative>
    <Copy_Relative Include="GroupCalendar_Alliance.lua">
      <Filter>Core</Filter>
    </Copy_Relative>
    <Copy_Relative Include="GroupCalendar_Alts.lua">
      <Filter>Core</Filter>
    </Copy_Relative>
    <Copy_Relative Include="GroupCalendar_Character.lua">
      <Filter>Core</Filter>
    </Copy_Relative>
    <Copy_Relative Include="..\GroupCalendar5 Clock\GroupCalendar_Clock.lua">
      <Filter>Core</Filter>
    </Copy_Relative>
    <Copy_Relative Include="GroupCalendar_Cooldowns.lua">
      <Filter>Core</Filter>
    </Copy_Relative>
    <Copy_Relative Include="GroupCalendar_Event.lua">
      <Filter>Core</Filter>
    </Copy_Relative>
    <Copy_Relative Include="GroupCalendar_iCal.lua">
      <Filter>Core</Filter>
    </Copy_Relative>
    <Copy_Relative Include="GroupCalendar_MD5.lua">
      <Filter>Core</Filter>
    </Copy_Relative>
    <Copy_Relative Include="GroupCalendar_Network.lua">
      <Filter>Core</Filter>
    </Copy_Relative>
    <Copy_Relative Include="GroupCalendar_Prefix.lua">
      <Filter>Core</Filter>
    </Copy_Relative>
    <Copy_Relative Include="GroupCalendar_Reminders.lua">
      <Filter>Core</Filter>
    </Copy_Relative>
    <Copy_Relative Include="GroupCalendar_Strings.lua">
      <Filter>Core</Filter>
    </Copy_Relative>
    <Copy_Relative Include="GroupCalendar_Strings_cn.lua">
      <Filter>Core</Filter>
    </Copy_Relative>
    <Copy_Relative Include="GroupCalendar_Strings_de.lua">
      <Filter>Core</Filter>
    </Copy_Relative>
    <Copy_Relative Include="GroupCalendar_Strings_es.lua">
      <Filter>Core</Filter>
    </Copy_Relative>
    <Copy_Relative Include="GroupCalendar_Strings_fr.lua">
      <Filter>Core</Filter>
    </Copy_Relative>
    <Copy_Relative Include="GroupCalendar_Strings_hu.lua">
      <Filter>Core</Filter>
    </Copy_Relative>
    <Copy_Relative Include="GroupCalendar_Strings_kr.lua">
      <Filter>Core</Filter>
    </Copy_Relative>
    <Copy_Relative Include="GroupCalendar_Strings_ru.lua">
      <Filter>Core</Filter>
    </Copy_Relative>
    <Copy_Relative Include="GroupCalendar_Strings_tw.lua">
      <Filter>Core</Filter>
    </Copy_Relative>
    <Copy_Relative Include="GroupCalendar_Textures.lua">
      <Filter>Core</Filter>
    </Copy_Relative>
    <Copy_Relative Include="GroupCalendar_Tradeskill.lua">
      <Filter>Core</Filter>
    </Copy_Relative>
  </ItemGroup>
</Project>